// !$*UTF8*$!
{
	archiveVersion = 1;
	classes = {
	};
	objectVersion = 55;
	objects = {

/* Begin PBXBuildFile section */
		AA5C3E42284317E6005DD666 /* warikankunApp.swift in Sources */ = {isa = PBXBuildFile; fileRef = AA5C3E41284317E6005DD666 /* warikankunApp.swift */; };
		AA5C3E44284317E6005DD666 /* ContentView.swift in Sources */ = {isa = PBXBuildFile; fileRef = AA5C3E43284317E6005DD666 /* ContentView.swift */; };
		AA5C3E46284317E7005DD666 /* Assets.xcassets in Resources */ = {isa = PBXBuildFile; fileRef = AA5C3E45284317E7005DD666 /* Assets.xcassets */; };
		AA5C3E49284317E7005DD666 /* Preview Assets.xcassets in Resources */ = {isa = PBXBuildFile; fileRef = AA5C3E48284317E7005DD666 /* Preview Assets.xcassets */; };
		AA5C3E53284317E8005DD666 /* warikankunTests.swift in Sources */ = {isa = PBXBuildFile; fileRef = AA5C3E52284317E8005DD666 /* warikankunTests.swift */; };
		AA5C3E5D284317E8005DD666 /* warikankunUITests.swift in Sources */ = {isa = PBXBuildFile; fileRef = AA5C3E5C284317E8005DD666 /* warikankunUITests.swift */; };
		AA5C3E5F284317E8005DD666 /* warikankunUITestsLaunchTests.swift in Sources */ = {isa = PBXBuildFile; fileRef = AA5C3E5E284317E8005DD666 /* warikankunUITestsLaunchTests.swift */; };
/* End PBXBuildFile section */

/* Begin PBXContainerItemProxy section */
		AA5C3E4F284317E8005DD666 /* PBXContainerItemProxy */ = {
			isa = PBXContainerItemProxy;
			containerPortal = AA5C3E36284317E6005DD666 /* Project object */;
			proxyType = 1;
			remoteGlobalIDString = AA5C3E3D284317E6005DD666;
			remoteInfo = warikankun;
		};
		AA5C3E59284317E8005DD666 /* PBXContainerItemProxy */ = {
			isa = PBXContainerItemProxy;
			containerPortal = AA5C3E36284317E6005DD666 /* Project object */;
			proxyType = 1;
			remoteGlobalIDString = AA5C3E3D284317E6005DD666;
			remoteInfo = warikankun;
		};
/* End PBXContainerItemProxy section */

/* Begin PBXFileReference section */
		AA5C3E3E284317E6005DD666 /* warikankun.app */ = {isa = PBXFileReference; explicitFileType = wrapper.application; includeInIndex = 0; path = warikankun.app; sourceTree = BUILT_PRODUCTS_DIR; };
		AA5C3E41284317E6005DD666 /* warikankunApp.swift */ = {isa = PBXFileReference; lastKnownFileType = sourcecode.swift; path = warikankunApp.swift; sourceTree = "<group>"; };
		AA5C3E43284317E6005DD666 /* ContentView.swift */ = {isa = PBXFileReference; lastKnownFileType = sourcecode.swift; path = ContentView.swift; sourceTree = "<group>"; };
		AA5C3E45284317E7005DD666 /* Assets.xcassets */ = {isa = PBXFileReference; lastKnownFileType = folder.assetcatalog; path = Assets.xcassets; sourceTree = "<group>"; };
		AA5C3E48284317E7005DD666 /* Preview Assets.xcassets */ = {isa = PBXFileReference; lastKnownFileType = folder.assetcatalog; path = "Preview Assets.xcassets"; sourceTree = "<group>"; };
		AA5C3E4E284317E8005DD666 /* warikankunTests.xctest */ = {isa = PBXFileReference; explicitFileType = wrapper.cfbundle; includeInIndex = 0; path = warikankunTests.xctest; sourceTree = BUILT_PRODUCTS_DIR; };
		AA5C3E52284317E8005DD666 /* warikankunTests.swift */ = {isa = PBXFileReference; lastKnownFileType = sourcecode.swift; path = warikankunTests.swift; sourceTree = "<group>"; };
		AA5C3E58284317E8005DD666 /* warikankunUITests.xctest */ = {isa = PBXFileReference; explicitFileType = wrapper.cfbundle; includeInIndex = 0; path = warikankunUITests.xctest; sourceTree = BUILT_PRODUCTS_DIR; };
		AA5C3E5C284317E8005DD666 /* warikankunUITests.swift */ = {isa = PBXFileReference; lastKnownFileType = sourcecode.swift; path = warikankunUITests.swift; sourceTree = "<group>"; };
		AA5C3E5E284317E8005DD666 /* warikankunUITestsLaunchTests.swift */ = {isa = PBXFileReference; lastKnownFileType = sourcecode.swift; path = warikankunUITestsLaunchTests.swift; sourceTree = "<group>"; };
/* End PBXFileReference section */

/* Begin PBXFrameworksBuildPhase section */
		AA5C3E3B284317E6005DD666 /* Frameworks */ = {
			isa = PBXFrameworksBuildPhase;
			buildActionMask = 2147483647;
			files = (
			);
			runOnlyForDeploymentPostprocessing = 0;
		};
		AA5C3E4B284317E8005DD666 /* Frameworks */ = {
			isa = PBXFrameworksBuildPhase;
			buildActionMask = 2147483647;
			files = (
			);
			runOnlyForDeploymentPostprocessing = 0;
		};
		AA5C3E55284317E8005DD666 /* Frameworks */ = {
			isa = PBXFrameworksBuildPhase;
			buildActionMask = 2147483647;
			files = (
			);
			runOnlyForDeploymentPostprocessing = 0;
		};
/* End PBXFrameworksBuildPhase section */

/* Begin PBXGroup section */
		AA5C3E35284317E6005DD666 = {
			isa = PBXGroup;
			children = (
				AA5C3E40284317E6005DD666 /* warikankun */,
				AA5C3E51284317E8005DD666 /* warikankunTests */,
				AA5C3E5B284317E8005DD666 /* warikankunUITests */,
				AA5C3E3F284317E6005DD666 /* Products */,
			);
			sourceTree = "<group>";
		};
		AA5C3E3F284317E6005DD666 /* Products */ = {
			isa = PBXGroup;
			children = (
				AA5C3E3E284317E6005DD666 /* warikankun.app */,
				AA5C3E4E284317E8005DD666 /* warikankunTests.xctest */,
				AA5C3E58284317E8005DD666 /* warikankunUITests.xctest */,
			);
			name = Products;
			sourceTree = "<group>";
		};
		AA5C3E40284317E6005DD666 /* warikankun */ = {
			isa = PBXGroup;
			children = (
				AA5C3E41284317E6005DD666 /* warikankunApp.swift */,
				AA5C3E43284317E6005DD666 /* ContentView.swift */,
				AA5C3E45284317E7005DD666 /* Assets.xcassets */,
				AA5C3E47284317E7005DD666 /* Preview Content */,
			);
			path = warikankun;
			sourceTree = "<group>";
		};
		AA5C3E47284317E7005DD666 /* Preview Content */ = {
			isa = PBXGroup;
			children = (
				AA5C3E48284317E7005DD666 /* Preview Assets.xcassets */,
			);
			path = "Preview Content";
			sourceTree = "<group>";
		};
		AA5C3E51284317E8005DD666 /* warikankunTests */ = {
			isa = PBXGroup;
			children = (
				AA5C3E52284317E8005DD666 /* warikankunTests.swift */,
			);
			path = warikankunTests;
			sourceTree = "<group>";
		};
		AA5C3E5B284317E8005DD666 /* warikankunUITests */ = {
			isa = PBXGroup;
			children = (
				AA5C3E5C284317E8005DD666 /* warikankunUITests.swift */,
				AA5C3E5E284317E8005DD666 /* warikankunUITestsLaunchTests.swift */,
			);
			path = warikankunUITests;
			sourceTree = "<group>";
		};
/* End PBXGroup section */

/* Begin PBXNativeTarget section */
		AA5C3E3D284317E6005DD666 /* warikankun */ = {
			isa = PBXNativeTarget;
			buildConfigurationList = AA5C3E62284317E8005DD666 /* Build configuration list for PBXNativeTarget "warikankun" */;
			buildPhases = (
				AA5C3E3A284317E6005DD666 /* Sources */,
				AA5C3E3B284317E6005DD666 /* Frameworks */,
				AA5C3E3C284317E6005DD666 /* Resources */,
			);
			buildRules = (
			);
			dependencies = (
			);
			name = warikankun;
			productName = warikankun;
			productReference = AA5C3E3E284317E6005DD666 /* warikankun.app */;
			productType = "com.apple.product-type.application";
		};
		AA5C3E4D284317E8005DD666 /* warikankunTests */ = {
			isa = PBXNativeTarget;
			buildConfigurationList = AA5C3E65284317E8005DD666 /* Build configuration list for PBXNativeTarget "warikankunTests" */;
			buildPhases = (
				AA5C3E4A284317E8005DD666 /* Sources */,
				AA5C3E4B284317E8005DD666 /* Frameworks */,
				AA5C3E4C284317E8005DD666 /* Resources */,
			);
			buildRules = (
			);
			dependencies = (
				AA5C3E50284317E8005DD666 /* PBXTargetDependency */,
			);
			name = warikankunTests;
			productName = warikankunTests;
			productReference = AA5C3E4E284317E8005DD666 /* warikankunTests.xctest */;
			productType = "com.apple.product-type.bundle.unit-test";
		};
		AA5C3E57284317E8005DD666 /* warikankunUITests */ = {
			isa = PBXNativeTarget;
			buildConfigurationList = AA5C3E68284317E8005DD666 /* Build configuration list for PBXNativeTarget "warikankunUITests" */;
			buildPhases = (
				AA5C3E54284317E8005DD666 /* Sources */,
				AA5C3E55284317E8005DD666 /* Frameworks */,
				AA5C3E56284317E8005DD666 /* Resources */,
			);
			buildRules = (
			);
			dependencies = (
				AA5C3E5A284317E8005DD666 /* PBXTargetDependency */,
			);
			name = warikankunUITests;
			productName = warikankunUITests;
			productReference = AA5C3E58284317E8005DD666 /* warikankunUITests.xctest */;
			productType = "com.apple.product-type.bundle.ui-testing";
		};
/* End PBXNativeTarget section */

/* Begin PBXProject section */
		AA5C3E36284317E6005DD666 /* Project object */ = {
			isa = PBXProject;
			attributes = {
				BuildIndependentTargetsInParallel = 1;
				LastSwiftUpdateCheck = 1340;
				LastUpgradeCheck = 1340;
				TargetAttributes = {
					AA5C3E3D284317E6005DD666 = {
						CreatedOnToolsVersion = 13.4;
					};
					AA5C3E4D284317E8005DD666 = {
						CreatedOnToolsVersion = 13.4;
						TestTargetID = AA5C3E3D284317E6005DD666;
					};
					AA5C3E57284317E8005DD666 = {
						CreatedOnToolsVersion = 13.4;
						TestTargetID = AA5C3E3D284317E6005DD666;
					};
				};
			};
			buildConfigurationList = AA5C3E39284317E6005DD666 /* Build configuration list for PBXProject "warikankun" */;
			compatibilityVersion = "Xcode 13.0";
			developmentRegion = en;
			hasScannedForEncodings = 0;
			knownRegions = (
				en,
				Base,
			);
			mainGroup = AA5C3E35284317E6005DD666;
			productRefGroup = AA5C3E3F284317E6005DD666 /* Products */;
			projectDirPath = "";
			projectRoot = "";
			targets = (
				AA5C3E3D284317E6005DD666 /* warikankun */,
				AA5C3E4D284317E8005DD666 /* warikankunTests */,
				AA5C3E57284317E8005DD666 /* warikankunUITests */,
			);
		};
/* End PBXProject section */

/* Begin PBXResourcesBuildPhase section */
		AA5C3E3C284317E6005DD666 /* Resources */ = {
			isa = PBXResourcesBuildPhase;
			buildActionMask = 2147483647;
			files = (
				AA5C3E49284317E7005DD666 /* Preview Assets.xcassets in Resources */,
				AA5C3E46284317E7005DD666 /* Assets.xcassets in Resources */,
			);
			runOnlyForDeploymentPostprocessing = 0;
		};
		AA5C3E4C284317E8005DD666 /* Resources */ = {
			isa = PBXResourcesBuildPhase;
			buildActionMask = 2147483647;
			files = (
			);
			runOnlyForDeploymentPostprocessing = 0;
		};
		AA5C3E56284317E8005DD666 /* Resources */ = {
			isa = PBXResourcesBuildPhase;
			buildActionMask = 2147483647;
			files = (
			);
			runOnlyForDeploymentPostprocessing = 0;
		};
/* End PBXResourcesBuildPhase section */

/* Begin PBXSourcesBuildPhase section */
		AA5C3E3A284317E6005DD666 /* Sources */ = {
			isa = PBXSourcesBuildPhase;
			buildActionMask = 2147483647;
			files = (
				AA5C3E44284317E6005DD666 /* ContentView.swift in Sources */,
				AA5C3E42284317E6005DD666 /* warikankunApp.swift in Sources */,
			);
			runOnlyForDeploymentPostprocessing = 0;
		};
		AA5C3E4A284317E8005DD666 /* Sources */ = {
			isa = PBXSourcesBuildPhase;
			buildActionMask = 2147483647;
			files = (
				AA5C3E53284317E8005DD666 /* warikankunTests.swift in Sources */,
			);
			runOnlyForDeploymentPostprocessing = 0;
		};
		AA5C3E54284317E8005DD666 /* Sources */ = {
			isa = PBXSourcesBuildPhase;
			buildActionMask = 2147483647;
			files = (
				AA5C3E5D284317E8005DD666 /* warikankunUITests.swift in Sources */,
				AA5C3E5F284317E8005DD666 /* warikankunUITestsLaunchTests.swift in Sources */,
			);
			runOnlyForDeploymentPostprocessing = 0;
		};
/* End PBXSourcesBuildPhase section */

/* Begin PBXTargetDependency section */
		AA5C3E50284317E8005DD666 /* PBXTargetDependency */ = {
			isa = PBXTargetDependency;
			target = AA5C3E3D284317E6005DD666 /* warikankun */;
			targetProxy = AA5C3E4F284317E8005DD666 /* PBXContainerItemProxy */;
		};
		AA5C3E5A284317E8005DD666 /* PBXTargetDependency */ = {
			isa = PBXTargetDependency;
			target = AA5C3E3D284317E6005DD666 /* warikankun */;
			targetProxy = AA5C3E59284317E8005DD666 /* PBXContainerItemProxy */;
		};
/* End PBXTargetDependency section */

/* Begin XCBuildConfiguration section */
		AA5C3E60284317E8005DD666 /* Debug */ = {
			isa = XCBuildConfiguration;
			buildSettings = {
				ALWAYS_SEARCH_USER_PATHS = NO;
				CLANG_ANALYZER_NONNULL = YES;
				CLANG_ANALYZER_NUMBER_OBJECT_CONVERSION = YES_AGGRESSIVE;
				CLANG_CXX_LANGUAGE_STANDARD = "gnu++17";
				CLANG_ENABLE_MODULES = YES;
				CLANG_ENABLE_OBJC_ARC = YES;
				CLANG_ENABLE_OBJC_WEAK = YES;
				CLANG_WARN_BLOCK_CAPTURE_AUTORELEASING = YES;
				CLANG_WARN_BOOL_CONVERSION = YES;
				CLANG_WARN_COMMA = YES;
				CLANG_WARN_CONSTANT_CONVERSION = YES;
				CLANG_WARN_DEPRECATED_OBJC_IMPLEMENTATIONS = YES;
				CLANG_WARN_DIRECT_OBJC_ISA_USAGE = YES_ERROR;
				CLANG_WARN_DOCUMENTATION_COMMENTS = YES;
				CLANG_WARN_EMPTY_BODY = YES;
				CLANG_WARN_ENUM_CONVERSION = YES;
				CLANG_WARN_INFINITE_RECURSION = YES;
				CLANG_WARN_INT_CONVERSION = YES;
				CLANG_WARN_NON_LITERAL_NULL_CONVERSION = YES;
				CLANG_WARN_OBJC_IMPLICIT_RETAIN_SELF = YES;
				CLANG_WARN_OBJC_LITERAL_CONVERSION = YES;
				CLANG_WARN_OBJC_ROOT_CLASS = YES_ERROR;
				CLANG_WARN_QUOTED_INCLUDE_IN_FRAMEWORK_HEADER = YES;
				CLANG_WARN_RANGE_LOOP_ANALYSIS = YES;
				CLANG_WARN_STRICT_PROTOTYPES = YES;
				CLANG_WARN_SUSPICIOUS_MOVE = YES;
				CLANG_WARN_UNGUARDED_AVAILABILITY = YES_AGGRESSIVE;
				CLANG_WARN_UNREACHABLE_CODE = YES;
				CLANG_WARN__DUPLICATE_METHOD_MATCH = YES;
				COPY_PHASE_STRIP = NO;
				DEBUG_INFORMATION_FORMAT = dwarf;
				ENABLE_STRICT_OBJC_MSGSEND = YES;
				ENABLE_TESTABILITY = YES;
				GCC_C_LANGUAGE_STANDARD = gnu11;
				GCC_DYNAMIC_NO_PIC = NO;
				GCC_NO_COMMON_BLOCKS = YES;
				GCC_OPTIMIZATION_LEVEL = 0;
				GCC_PREPROCESSOR_DEFINITIONS = (
					"DEBUG=1",
					"$(inherited)",
				);
				GCC_WARN_64_TO_32_BIT_CONVERSION = YES;
				GCC_WARN_ABOUT_RETURN_TYPE = YES_ERROR;
				GCC_WARN_UNDECLARED_SELECTOR = YES;
				GCC_WARN_UNINITIALIZED_AUTOS = YES_AGGRESSIVE;
				GCC_WARN_UNUSED_FUNCTION = YES;
				GCC_WARN_UNUSED_VARIABLE = YES;
				IPHONEOS_DEPLOYMENT_TARGET = 15.5;
				MTL_ENABLE_DEBUG_INFO = INCLUDE_SOURCE;
				MTL_FAST_MATH = YES;
				ONLY_ACTIVE_ARCH = YES;
				SDKROOT = iphoneos;
				SWIFT_ACTIVE_COMPILATION_CONDITIONS = DEBUG;
				SWIFT_OPTIMIZATION_LEVEL = "-Onone";
			};
			name = Debug;
		};
		AA5C3E61284317E8005DD666 /* Release */ = {
			isa = XCBuildConfiguration;
			buildSettings = {
				ALWAYS_SEARCH_USER_PATHS = NO;
				CLANG_ANALYZER_NONNULL = YES;
				CLANG_ANALYZER_NUMBER_OBJECT_CONVERSION = YES_AGGRESSIVE;
				CLANG_CXX_LANGUAGE_STANDARD = "gnu++17";
				CLANG_ENABLE_MODULES = YES;
				CLANG_ENABLE_OBJC_ARC = YES;
				CLANG_ENABLE_OBJC_WEAK = YES;
				CLANG_WARN_BLOCK_CAPTURE_AUTORELEASING = YES;
				CLANG_WARN_BOOL_CONVERSION = YES;
				CLANG_WARN_COMMA = YES;
				CLANG_WARN_CONSTANT_CONVERSION = YES;
				CLANG_WARN_DEPRECATED_OBJC_IMPLEMENTATIONS = YES;
				CLANG_WARN_DIRECT_OBJC_ISA_USAGE = YES_ERROR;
				CLANG_WARN_DOCUMENTATION_COMMENTS = YES;
				CLANG_WARN_EMPTY_BODY = YES;
				CLANG_WARN_ENUM_CONVERSION = YES;
				CLANG_WARN_INFINITE_RECURSION = YES;
				CLANG_WARN_INT_CONVERSION = YES;
				CLANG_WARN_NON_LITERAL_NULL_CONVERSION = YES;
				CLANG_WARN_OBJC_IMPLICIT_RETAIN_SELF = YES;
				CLANG_WARN_OBJC_LITERAL_CONVERSION = YES;
				CLANG_WARN_OBJC_ROOT_CLASS = YES_ERROR;
				CLANG_WARN_QUOTED_INCLUDE_IN_FRAMEWORK_HEADER = YES;
				CLANG_WARN_RANGE_LOOP_ANALYSIS = YES;
				CLANG_WARN_STRICT_PROTOTYPES = YES;
				CLANG_WARN_SUSPICIOUS_MOVE = YES;
				CLANG_WARN_UNGUARDED_AVAILABILITY = YES_AGGRESSIVE;
				CLANG_WARN_UNREACHABLE_CODE = YES;
				CLANG_WARN__DUPLICATE_METHOD_MATCH = YES;
				COPY_PHASE_STRIP = NO;
				DEBUG_INFORMATION_FORMAT = "dwarf-with-dsym";
				ENABLE_NS_ASSERTIONS = NO;
				ENABLE_STRICT_OBJC_MSGSEND = YES;
				GCC_C_LANGUAGE_STANDARD = gnu11;
				GCC_NO_COMMON_BLOCKS = YES;
				GCC_WARN_64_TO_32_BIT_CONVERSION = YES;
				GCC_WARN_ABOUT_RETURN_TYPE = YES_ERROR;
				GCC_WARN_UNDECLARED_SELECTOR = YES;
				GCC_WARN_UNINITIALIZED_AUTOS = YES_AGGRESSIVE;
				GCC_WARN_UNUSED_FUNCTION = YES;
				GCC_WARN_UNUSED_VARIABLE = YES;
				IPHONEOS_DEPLOYMENT_TARGET = 15.5;
				MTL_ENABLE_DEBUG_INFO = NO;
				MTL_FAST_MATH = YES;
				SDKROOT = iphoneos;
				SWIFT_COMPILATION_MODE = wholemodule;
				SWIFT_OPTIMIZATION_LEVEL = "-O";
				VALIDATE_PRODUCT = YES;
			};
			name = Release;
		};
		AA5C3E63284317E8005DD666 /* Debug */ = {
			isa = XCBuildConfiguration;
			buildSettings = {
				ASSETCATALOG_COMPILER_APPICON_NAME = AppIcon;
				ASSETCATALOG_COMPILER_GLOBAL_ACCENT_COLOR_NAME = AccentColor;
				CODE_SIGN_STYLE = Automatic;
				CURRENT_PROJECT_VERSION = 1;
				DEVELOPMENT_ASSET_PATHS = "\"warikankun/Preview Content\"";
				DEVELOPMENT_TEAM = UGC7BH8MXS;
				ENABLE_PREVIEWS = YES;
				GENERATE_INFOPLIST_FILE = YES;
				INFOPLIST_KEY_UIApplicationSceneManifest_Generation = YES;
				INFOPLIST_KEY_UIApplicationSupportsIndirectInputEvents = YES;
				INFOPLIST_KEY_UILaunchScreen_Generation = YES;
				INFOPLIST_KEY_UISupportedInterfaceOrientations_iPad = "UIInterfaceOrientationPortrait UIInterfaceOrientationPortraitUpsideDown UIInterfaceOrientationLandscapeLeft UIInterfaceOrientationLandscapeRight";
				INFOPLIST_KEY_UISupportedInterfaceOrientations_iPhone = "UIInterfaceOrientationPortrait UIInterfaceOrientationLandscapeLeft UIInterfaceOrientationLandscapeRight";
				LD_RUNPATH_SEARCH_PATHS = (
					"$(inherited)",
					"@executable_path/Frameworks",
				);
				MARKETING_VERSION = 1.0;
				PRODUCT_BUNDLE_IDENTIFIER = KIA.warikankun;
				PRODUCT_NAME = "$(TARGET_NAME)";
				SWIFT_EMIT_LOC_STRINGS = YES;
				SWIFT_VERSION = 5.0;
				TARGETED_DEVICE_FAMILY = "1,2";
			};
			name = Debug;
		};
		AA5C3E64284317E8005DD666 /* Release */ = {
			isa = XCBuildConfiguration;
			buildSettings = {
				ASSETCATALOG_COMPILER_APPICON_NAME = AppIcon;
				ASSETCATALOG_COMPILER_GLOBAL_ACCENT_COLOR_NAME = AccentColor;
				CODE_SIGN_STYLE = Automatic;
				CURRENT_PROJECT_VERSION = 1;
				DEVELOPMENT_ASSET_PATHS = "\"warikankun/Preview Content\"";
				DEVELOPMENT_TEAM = UGC7BH8MXS;
				ENABLE_PREVIEWS = YES;
				GENERATE_INFOPLIST_FILE = YES;
				INFOPLIST_KEY_UIApplicationSceneManifest_Generation = YES;
				INFOPLIST_KEY_UIApplicationSupportsIndirectInputEvents = YES;
				INFOPLIST_KEY_UILaunchScreen_Generation = YES;
				INFOPLIST_KEY_UISupportedInterfaceOrientations_iPad = "UIInterfaceOrientationPortrait UIInterfaceOrientationPortraitUpsideDown UIInterfaceOrientationLandscapeLeft UIInterfaceOrientationLandscapeRight";
				INFOPLIST_KEY_UISupportedInterfaceOrientations_iPhone = "UIInterfaceOrientationPortrait UIInterfaceOrientationLandscapeLeft UIInterfaceOrientationLandscapeRight";
				LD_RUNPATH_SEARCH_PATHS = (
					"$(inherited)",
					"@executable_path/Frameworks",
				);
				MARKETING_VERSION = 1.0;
				PRODUCT_BUNDLE_IDENTIFIER = KIA.warikankun;
				PRODUCT_NAME = "$(TARGET_NAME)";
				SWIFT_EMIT_LOC_STRINGS = YES;
				SWIFT_VERSION = 5.0;
				TARGETED_DEVICE_FAMILY = "1,2";
			};
			name = Release;
		};
		AA5C3E66284317E8005DD666 /* Debug */ = {
			isa = XCBuildConfiguration;
			buildSettings = {
				ALWAYS_EMBED_SWIFT_STANDARD_LIBRARIES = YES;
				BUNDLE_LOADER = "$(TEST_HOST)";
				CODE_SIGN_STYLE = Automatic;
				CURRENT_PROJECT_VERSION = 1;
				DEVELOPMENT_TEAM = UGC7BH8MXS;
				GENERATE_INFOPLIST_FILE = YES;
				IPHONEOS_DEPLOYMENT_TARGET = 15.5;
				MARKETING_VERSION = 1.0;
				PRODUCT_BUNDLE_IDENTIFIER = KIA.warikankunTests;
				PRODUCT_NAME = "$(TARGET_NAME)";
				SWIFT_EMIT_LOC_STRINGS = NO;
				SWIFT_VERSION = 5.0;
				TARGETED_DEVICE_FAMILY = "1,2";
				TEST_HOST = "$(BUILT_PRODUCTS_DIR)/warikankun.app/warikankun";
			};
			name = Debug;
		};
		AA5C3E67284317E8005DD666 /* Release */ = {
			isa = XCBuildConfiguration;
			buildSettings = {
				ALWAYS_EMBED_SWIFT_STANDARD_LIBRARIES = YES;
				BUNDLE_LOADER = "$(TEST_HOST)";
				CODE_SIGN_STYLE = Automatic;
				CURRENT_PROJECT_VERSION = 1;
				DEVELOPMENT_TEAM = UGC7BH8MXS;
				GENERATE_INFOPLIST_FILE = YES;
				IPHONEOS_DEPLOYMENT_TARGET = 15.5;
				MARKETING_VERSION = 1.0;
				PRODUCT_BUNDLE_IDENTIFIER = KIA.warikankunTests;
				PRODUCT_NAME = "$(TARGET_NAME)";
				SWIFT_EMIT_LOC_STRINGS = NO;
				SWIFT_VERSION = 5.0;
				TARGETED_DEVICE_FAMILY = "1,2";
				TEST_HOST = "$(BUILT_PRODUCTS_DIR)/warikankun.app/warikankun";
			};
			name = Release;
		};
		AA5C3E69284317E8005DD666 /* Debug */ = {
			isa = XCBuildConfiguration;
			buildSettings = {
				ALWAYS_EMBED_SWIFT_STANDARD_LIBRARIES = YES;
				CODE_SIGN_STYLE = Automatic;
				CURRENT_PROJECT_VERSION = 1;
				DEVELOPMENT_TEAM = UGC7BH8MXS;
				GENERATE_INFOPLIST_FILE = YES;
				MARKETING_VERSION = 1.0;
				PRODUCT_BUNDLE_IDENTIFIER = KIA.warikankunUITests;
				PRODUCT_NAME = "$(TARGET_NAME)";
				SWIFT_EMIT_LOC_STRINGS = NO;
				SWIFT_VERSION = 5.0;
				TARGETED_DEVICE_FAMILY = "1,2";
				TEST_TARGET_NAME = warikankun;
			};
			name = Debug;
		};
		AA5C3E6A284317E8005DD666 /* Release */ = {
			isa = XCBuildConfiguration;
			buildSettings = {
				ALWAYS_EMBED_SWIFT_STANDARD_LIBRARIES = YES;
				CODE_SIGN_STYLE = Automatic;
				CURRENT_PROJECT_VERSION = 1;
				DEVELOPMENT_TEAM = UGC7BH8MXS;
				GENERATE_INFOPLIST_FILE = YES;
				MARKETING_VERSION = 1.0;
				PRODUCT_BUNDLE_IDENTIFIER = KIA.warikankunUITests;
				PRODUCT_NAME = "$(TARGET_NAME)";
				SWIFT_EMIT_LOC_STRINGS = NO;
				SWIFT_VERSION = 5.0;
				TARGETED_DEVICE_FAMILY = "1,2";
				TEST_TARGET_NAME = warikankun;
			};
			name = Release;
		};
/* End XCBuildConfiguration section */

/* Begin XCConfigurationList section */
		AA5C3E39284317E6005DD666 /* Build configuration list for PBXProject "warikankun" */ = {
			isa = XCConfigurationList;
			buildConfigurations = (
				AA5C3E60284317E8005DD666 /* Debug */,
				AA5C3E61284317E8005DD666 /* Release */,
			);
			defaultConfigurationIsVisible = 0;
			defaultConfigurationName = Release;
		};
		AA5C3E62284317E8005DD666 /* Build configuration list for PBXNativeTarget "warikankun" */ = {
			isa = XCConfigurationList;
			buildConfigurations = (
				AA5C3E63284317E8005DD666 /* Debug */,
				AA5C3E64284317E8005DD666 /* Release */,
			);
			defaultConfigurationIsVisible = 0;
			defaultConfigurationName = Release;
		};
		AA5C3E65284317E8005DD666 /* Build configuration list for PBXNativeTarget "warikankunTests" */ = {
			isa = XCConfigurationList;
			buildConfigurations = (
				AA5C3E66284317E8005DD666 /* Debug */,
				AA5C3E67284317E8005DD666 /* Release */,
			);
			defaultConfigurationIsVisible = 0;
			defaultConfigurationName = Release;
		};
		AA5C3E68284317E8005DD666 /* Build configuration list for PBXNativeTarget "warikankunUITests" */ = {
			isa = XCConfigurationList;
			buildConfigurations = (
				AA5C3E69284317E8005DD666 /* Debug */,
				AA5C3E6A284317E8005DD666 /* Release */,
			);
			defaultConfigurationIsVisible = 0;
			defaultConfigurationName = Release;
		};
/* End XCConfigurationList section */
	};
	rootObject = AA5C3E36284317E6005DD666 /* Project object */;
}
